<?xml version="1.0" encoding="utf-8"?>
<Project ToolsVersion="4.0" xmlns="http://schemas.microsoft.com/developer/msbuild/2003">
  <ItemGroup>
    <Filter Include="头文件">
      <UniqueIdentifier>{9473a7cc-460a-4ace-be38-a7a0b613da9c}</UniqueIdentifier>
    </Filter>
    <Filter Include="源文件">
      <UniqueIdentifier>{8974cf5a-3bef-4d7b-b593-69776bb5ea9c}</UniqueIdentifier>
    </Filter>
  </ItemGroup>
  <ItemGroup>
    <ClCompile Include="main.cpp" />
    <ClCompile Include="AesCrypto.cpp">
      <Filter>源文件</Filter>
    </ClCompile>
    <ClCompile Include="Hash.cpp">
      <Filter>源文件</Filter>
    </ClCompile>
    <ClCompile Include="RsaCrypto.cpp">
      <Filter>源文件</Filter>
    </ClCompile>
  </ItemGroup>
  <ItemGroup>
    <ClInclude Include="AesCrypto.h">
      <Filter>头文件</Filter>
    </ClInclude>
    <ClInclude Include="Hash.h">
      <Filter>头文件</Filter>
    </ClInclude>
    <ClInclude Include="RsaCrypto.h">
      <Filter>头文件</Filter>
    </ClInclude>
  </ItemGroup>
</Project>